hash: 2e6720016b114ab983aa7019d791c07759370fe035bb0224a0ad5199072bc197
updated: 2017-06-17T16:41:19.003931921+02:00
imports:
- name: github.com/go-test/deep
  version: f49763a6ea0a91026be26f8213bebee726b4185f
- name: github.com/mna/pigeon
  version: 4468ff667da4e27301e257e6920165ddeb00c491
- name: github.com/pkg/errors
  version: 645ef00459ed84a119197bfb8d8205042c6df63d
- name: github.com/sirupsen/logrus
  version: 202f25545ea4cf9b191ff7f846df5d87c9382c2b
  repo: git@github.com:/sirupsen/logrus
  vcs: git
- name: github.com/stretchr/testify
  version: 69483b4bd14f5845b5a1e55bca19e954e827f1d0
  subpackages:
  - assert
  - require
- name: golang.org/x/sys
  version: fb4cac33e3196ff7f507ab9b2d2a44b0142f5b5a
  subpackages:
  - unix
testImports:
- name: github.com/davecgh/go-spew
  version: 6d212800a42e8ab5c146b8ace3490ee17e5225f9
  subpackages:
  - spew
- name: github.com/pmezard/go-difflib
  version: d8ed2627bdf02c080bf22230dbb337003b7aba2d
  subpackages:
  - difflib
