hash: 277ac9f640750873736bfdc58fa22984ccc67fb7f473fdbf6db5bc87c05e53dc
updated: 2017-07-09T13:50:51.059589264+02:00
imports:
- name: github.com/go-test/deep
  version: f49763a6ea0a91026be26f8213bebee726b4185f
- name: github.com/mna/pigeon
  version: 3ad7b4379454d41dc287081d455492b3b00b81df
- name: github.com/pkg/errors
  version: 645ef00459ed84a119197bfb8d8205042c6df63d
- name: github.com/sirupsen/logrus
  version: 202f25545ea4cf9b191ff7f846df5d87c9382c2b
  repo: https://github.com/sirupsen/logrus.git
  vcs: git
- name: github.com/stretchr/testify
  version: 69483b4bd14f5845b5a1e55bca19e954e827f1d0
  subpackages:
  - assert
  - require
- name: golang.org/x/sys
  version: 478fcf54317e52ab69f40bb4c7a1520288d7f7ea
  subpackages:
  - unix
- name: golang.org/x/text
  version: 47a200a05c8b3fd1b698571caecbb68beb2611ec
  subpackages:
  - unicode
testImports:
- name: github.com/davecgh/go-spew
  version: 6d212800a42e8ab5c146b8ace3490ee17e5225f9
  subpackages:
  - spew
- name: github.com/pmezard/go-difflib
  version: d8ed2627bdf02c080bf22230dbb337003b7aba2d
  subpackages:
  - difflib
